
Microsoft Visual Studio Solution File, Format Version 12.00
# Visual Studio Version 16
VisualStudioVersion = 16.0.30621.155
MinimumVisualStudioVersion = 10.0.40219.1
Project("{FAE04EC0-301F-11D3-BF4B-00C04F79EFBC}") = "Final_Q1", "Final_Q1\Final_Q1.csproj", "{51398B32-5129-4B43-AAEC-62F991CE377B}"
EndProject
Global
	GlobalSection(SolutionConfigurationPlatforms) = preSolution
		Debug|Any CPU = Debug|Any CPU
		Release|Any CPU = Release|Any CPU
	EndGlobalSection
	GlobalSection(ProjectConfigurationPlatforms) = postSolution
		{51398B32-5129-4B43-AAEC-62F991CE377B}.Debug|Any CPU.ActiveCfg = Debug|Any CPU
		{51398B32-5129-4B43-AAEC-62F991CE377B}.Debug|Any CPU.Build.0 = Debug|Any CPU
		{51398B32-5129-4B43-AAEC-62F991CE377B}.Release|Any CPU.ActiveCfg = Release|Any CPU
		{51398B32-5129-4B43-AAEC-62F991CE377B}.Release|Any CPU.Build.0 = Release|Any CPU
	EndGlobalSection
	GlobalSection(SolutionProperties) = preSolution
		HideSolutionNode = FALSE
	EndGlobalSection
	GlobalSection(ExtensibilityGlobals) = postSolution
		SolutionGuid = {9739A3B5-EC42-40AC-B516-34F74643EC63}
	EndGlobalSection
EndGlobal
